
Microsoft Visual Studio Solution File, Format Version 12.00
# Visual Studio Version 17
VisualStudioVersion = 17.3.32929.385
MinimumVisualStudioVersion = 10.0.40219.1
Project("{FAE04EC0-301F-11D3-BF4B-00C04F79EFBC}") = "DataStructureAlgorithm", "DataStructureAlgorithm.csproj", "{9F666473-2324-40DD-9B6F-BAB5B8D130B8}"
EndProject
Global
	GlobalSection(SolutionConfigurationPlatforms) = preSolution
		Debug|Any CPU = Debug|Any CPU
		Release|Any CPU = Release|Any CPU
	EndGlobalSection
	GlobalSection(ProjectConfigurationPlatforms) = postSolution
		{9F666473-2324-40DD-9B6F-BAB5B8D130B8}.Debug|Any CPU.ActiveCfg = Debug|Any CPU
		{9F666473-2324-40DD-9B6F-BAB5B8D130B8}.Debug|Any CPU.Build.0 = Debug|Any CPU
		{9F666473-2324-40DD-9B6F-BAB5B8D130B8}.Release|Any CPU.ActiveCfg = Release|Any CPU
		{9F666473-2324-40DD-9B6F-BAB5B8D130B8}.Release|Any CPU.Build.0 = Release|Any CPU
	EndGlobalSection
	GlobalSection(SolutionProperties) = preSolution
		HideSolutionNode = FALSE
	EndGlobalSection
	GlobalSection(ExtensibilityGlobals) = postSolution
		SolutionGuid = {E8ABB406-D3BE-43AE-960C-E236C1D9BF8C}
	EndGlobalSection
EndGlobal
